// !$*UTF8*$!
{
	archiveVersion = 1;
	classes = {
	};
	objectVersion = 46;
	objects = {

/* Begin PBXBuildFile section */
		4E3E03F81B5E47640064F915 /* main.m in Sources */ = {isa = PBXBuildFile; fileRef = 4E3E03F71B5E47640064F915 /* main.m */; };
		4E3E03FB1B5E47640064F915 /* AppDelegate.m in Sources */ = {isa = PBXBuildFile; fileRef = 4E3E03FA1B5E47640064F915 /* AppDelegate.m */; };
		4E3E03FE1B5E47640064F915 /* ViewController.m in Sources */ = {isa = PBXBuildFile; fileRef = 4E3E03FD1B5E47640064F915 /* ViewController.m */; };
		4E3E04031B5E47640064F915 /* Images.xcassets in Resources */ = {isa = PBXBuildFile; fileRef = 4E3E04021B5E47640064F915 /* Images.xcassets */; };
		4E3E04061B5E47640064F915 /* LaunchScreen.xib in Resources */ = {isa = PBXBuildFile; fileRef = 4E3E04041B5E47640064F915 /* LaunchScreen.xib */; };
		4E3E04121B5E47640064F915 /* EventThroughTests.m in Sources */ = {isa = PBXBuildFile; fileRef = 4E3E04111B5E47640064F915 /* EventThroughTests.m */; };
		4E3E04201B5E498D0064F915 /* CustomWindow.m in Sources */ = {isa = PBXBuildFile; fileRef = 4E3E041F1B5E498D0064F915 /* CustomWindow.m */; };
/* End PBXBuildFile section */

/* Begin PBXContainerItemProxy section */
		4E3E040C1B5E47640064F915 /* PBXContainerItemProxy */ = {
			isa = PBXContainerItemProxy;
			containerPortal = 4E3E03EA1B5E47630064F915 /* Project object */;
			proxyType = 1;
			remoteGlobalIDString = 4E3E03F11B5E47640064F915;
			remoteInfo = EventThrough;
		};
/* End PBXContainerItemProxy section */

/* Begin PBXFileReference section */
		4E3E03F21B5E47640064F915 /* EventThrough.app */ = {isa = PBXFileReference; explicitFileType = wrapper.application; includeInIndex = 0; path = EventThrough.app; sourceTree = BUILT_PRODUCTS_DIR; };
		4E3E03F61B5E47640064F915 /* Info.plist */ = {isa = PBXFileReference; lastKnownFileType = text.plist.xml; path = Info.plist; sourceTree = "<group>"; };
		4E3E03F71B5E47640064F915 /* main.m */ = {isa = PBXFileReference; lastKnownFileType = sourcecode.c.objc; path = main.m; sourceTree = "<group>"; };
		4E3E03F91B5E47640064F915 /* AppDelegate.h */ = {isa = PBXFileReference; lastKnownFileType = sourcecode.c.h; path = AppDelegate.h; sourceTree = "<group>"; };
		4E3E03FA1B5E47640064F915 /* AppDelegate.m */ = {isa = PBXFileReference; lastKnownFileType = sourcecode.c.objc; path = AppDelegate.m; sourceTree = "<group>"; };
		4E3E03FC1B5E47640064F915 /* ViewController.h */ = {isa = PBXFileReference; lastKnownFileType = sourcecode.c.h; path = ViewController.h; sourceTree = "<group>"; };
		4E3E03FD1B5E47640064F915 /* ViewController.m */ = {isa = PBXFileReference; lastKnownFileType = sourcecode.c.objc; path = ViewController.m; sourceTree = "<group>"; };
		4E3E04021B5E47640064F915 /* Images.xcassets */ = {isa = PBXFileReference; lastKnownFileType = folder.assetcatalog; path = Images.xcassets; sourceTree = "<group>"; };
		4E3E04051B5E47640064F915 /* Base */ = {isa = PBXFileReference; lastKnownFileType = file.xib; name = Base; path = Base.lproj/LaunchScreen.xib; sourceTree = "<group>"; };
		4E3E040B1B5E47640064F915 /* EventThroughTests.xctest */ = {isa = PBXFileReference; explicitFileType = wrapper.cfbundle; includeInIndex = 0; path = EventThroughTests.xctest; sourceTree = BUILT_PRODUCTS_DIR; };
		4E3E04101B5E47640064F915 /* Info.plist */ = {isa = PBXFileReference; lastKnownFileType = text.plist.xml; path = Info.plist; sourceTree = "<group>"; };
		4E3E04111B5E47640064F915 /* EventThroughTests.m */ = {isa = PBXFileReference; lastKnownFileType = sourcecode.c.objc; path = EventThroughTests.m; sourceTree = "<group>"; };
		4E3E041E1B5E498D0064F915 /* CustomWindow.h */ = {isa = PBXFileReference; fileEncoding = 4; lastKnownFileType = sourcecode.c.h; path = CustomWindow.h; sourceTree = "<group>"; };
		4E3E041F1B5E498D0064F915 /* CustomWindow.m */ = {isa = PBXFileReference; fileEncoding = 4; lastKnownFileType = sourcecode.c.objc; path = CustomWindow.m; sourceTree = "<group>"; };
/* End PBXFileReference section */

/* Begin PBXFrameworksBuildPhase section */
		4E3E03EF1B5E47640064F915 /* Frameworks */ = {
			isa = PBXFrameworksBuildPhase;
			buildActionMask = 2147483647;
			files = (
			);
			runOnlyForDeploymentPostprocessing = 0;
		};
		4E3E04081B5E47640064F915 /* Frameworks */ = {
			isa = PBXFrameworksBuildPhase;
			buildActionMask = 2147483647;
			files = (
			);
			runOnlyForDeploymentPostprocessing = 0;
		};
/* End PBXFrameworksBuildPhase section */

/* Begin PBXGroup section */
		4E3E03E91B5E47630064F915 = {
			isa = PBXGroup;
			children = (
				4E3E03F41B5E47640064F915 /* EventThrough */,
				4E3E040E1B5E47640064F915 /* EventThroughTests */,
				4E3E03F31B5E47640064F915 /* Products */,
			);
			sourceTree = "<group>";
		};
		4E3E03F31B5E47640064F915 /* Products */ = {
			isa = PBXGroup;
			children = (
				4E3E03F21B5E47640064F915 /* EventThrough.app */,
				4E3E040B1B5E47640064F915 /* EventThroughTests.xctest */,
			);
			name = Products;
			sourceTree = "<group>";
		};
		4E3E03F41B5E47640064F915 /* EventThrough */ = {
			isa = PBXGroup;
			children = (
				4E3E03F91B5E47640064F915 /* AppDelegate.h */,
				4E3E03FA1B5E47640064F915 /* AppDelegate.m */,
				4E3E03FC1B5E47640064F915 /* ViewController.h */,
				4E3E03FD1B5E47640064F915 /* ViewController.m */,
				4E3E04021B5E47640064F915 /* Images.xcassets */,
				4E3E04041B5E47640064F915 /* LaunchScreen.xib */,
				4E3E03F51B5E47640064F915 /* Supporting Files */,
				4E3E041E1B5E498D0064F915 /* CustomWindow.h */,
				4E3E041F1B5E498D0064F915 /* CustomWindow.m */,
			);
			path = EventThrough;
			sourceTree = "<group>";
		};
		4E3E03F51B5E47640064F915 /* Supporting Files */ = {
			isa = PBXGroup;
			children = (
				4E3E03F61B5E47640064F915 /* Info.plist */,
				4E3E03F71B5E47640064F915 /* main.m */,
			);
			name = "Supporting Files";
			sourceTree = "<group>";
		};
		4E3E040E1B5E47640064F915 /* EventThroughTests */ = {
			isa = PBXGroup;
			children = (
				4E3E04111B5E47640064F915 /* EventThroughTests.m */,
				4E3E040F1B5E47640064F915 /* Supporting Files */,
			);
			path = EventThroughTests;
			sourceTree = "<group>";
		};
		4E3E040F1B5E47640064F915 /* Supporting Files */ = {
			isa = PBXGroup;
			children = (
				4E3E04101B5E47640064F915 /* Info.plist */,
			);
			name = "Supporting Files";
			sourceTree = "<group>";
		};
/* End PBXGroup section */

/* Begin PBXNativeTarget section */
		4E3E03F11B5E47640064F915 /* EventThrough */ = {
			isa = PBXNativeTarget;
			buildConfigurationList = 4E3E04151B5E47640064F915 /* Build configuration list for PBXNativeTarget "EventThrough" */;
			buildPhases = (
				4E3E03EE1B5E47640064F915 /* Sources */,
				4E3E03EF1B5E47640064F915 /* Frameworks */,
				4E3E03F01B5E47640064F915 /* Resources */,
			);
			buildRules = (
			);
			dependencies = (
			);
			name = EventThrough;
			productName = EventThrough;
			productReference = 4E3E03F21B5E47640064F915 /* EventThrough.app */;
			productType = "com.apple.product-type.application";
		};
		4E3E040A1B5E47640064F915 /* EventThroughTests */ = {
			isa = PBXNativeTarget;
			buildConfigurationList = 4E3E04181B5E47640064F915 /* Build configuration list for PBXNativeTarget "EventThroughTests" */;
			buildPhases = (
				4E3E04071B5E47640064F915 /* Sources */,
				4E3E04081B5E47640064F915 /* Frameworks */,
				4E3E04091B5E47640064F915 /* Resources */,
			);
			buildRules = (
			);
			dependencies = (
				4E3E040D1B5E47640064F915 /* PBXTargetDependency */,
			);
			name = EventThroughTests;
			productName = EventThroughTests;
			productReference = 4E3E040B1B5E47640064F915 /* EventThroughTests.xctest */;
			productType = "com.apple.product-type.bundle.unit-test";
		};
/* End PBXNativeTarget section */

/* Begin PBXProject section */
		4E3E03EA1B5E47630064F915 /* Project object */ = {
			isa = PBXProject;
			attributes = {
				LastUpgradeCheck = 0620;
				ORGANIZATIONNAME = "曾凯";
				TargetAttributes = {
					4E3E03F11B5E47640064F915 = {
						CreatedOnToolsVersion = 6.2;
					};
					4E3E040A1B5E47640064F915 = {
						CreatedOnToolsVersion = 6.2;
						TestTargetID = 4E3E03F11B5E47640064F915;
					};
				};
			};
			buildConfigurationList = 4E3E03ED1B5E47630064F915 /* Build configuration list for PBXProject "EventThrough" */;
			compatibilityVersion = "Xcode 3.2";
			developmentRegion = English;
			hasScannedForEncodings = 0;
			knownRegions = (
				en,
				Base,
			);
			mainGroup = 4E3E03E91B5E47630064F915;
			productRefGroup = 4E3E03F31B5E47640064F915 /* Products */;
			projectDirPath = "";
			projectRoot = "";
			targets = (
				4E3E03F11B5E47640064F915 /* EventThrough */,
				4E3E040A1B5E47640064F915 /* EventThroughTests */,
			);
		};
/* End PBXProject section */

/* Begin PBXResourcesBuildPhase section */
		4E3E03F01B5E47640064F915 /* Resources */ = {
			isa = PBXResourcesBuildPhase;
			buildActionMask = 2147483647;
			files = (
				4E3E04061B5E47640064F915 /* LaunchScreen.xib in Resources */,
				4E3E04031B5E47640064F915 /* Images.xcassets in Resources */,
			);
			runOnlyForDeploymentPostprocessing = 0;
		};
		4E3E04091B5E47640064F915 /* Resources */ = {
			isa = PBXResourcesBuildPhase;
			buildActionMask = 2147483647;
			files = (
			);
			runOnlyForDeploymentPostprocessing = 0;
		};
/* End PBXResourcesBuildPhase section */

/* Begin PBXSourcesBuildPhase section */
		4E3E03EE1B5E47640064F915 /* Sources */ = {
			isa = PBXSourcesBuildPhase;
			buildActionMask = 2147483647;
			files = (
				4E3E04201B5E498D0064F915 /* CustomWindow.m in Sources */,
				4E3E03FE1B5E47640064F915 /* ViewController.m in Sources */,
				4E3E03FB1B5E47640064F915 /* AppDelegate.m in Sources */,
				4E3E03F81B5E47640064F915 /* main.m in Sources */,
			);
			runOnlyForDeploymentPostprocessing = 0;
		};
		4E3E04071B5E47640064F915 /* Sources */ = {
			isa = PBXSourcesBuildPhase;
			buildActionMask = 2147483647;
			files = (
				4E3E04121B5E47640064F915 /* EventThroughTests.m in Sources */,
			);
			runOnlyForDeploymentPostprocessing = 0;
		};
/* End PBXSourcesBuildPhase section */

/* Begin PBXTargetDependency section */
		4E3E040D1B5E47640064F915 /* PBXTargetDependency */ = {
			isa = PBXTargetDependency;
			target = 4E3E03F11B5E47640064F915 /* EventThrough */;
			targetProxy = 4E3E040C1B5E47640064F915 /* PBXContainerItemProxy */;
		};
/* End PBXTargetDependency section */

/* Begin PBXVariantGroup section */
		4E3E04041B5E47640064F915 /* LaunchScreen.xib */ = {
			isa = PBXVariantGroup;
			children = (
				4E3E04051B5E47640064F915 /* Base */,
			);
			name = LaunchScreen.xib;
			sourceTree = "<group>";
		};
/* End PBXVariantGroup section */

/* Begin XCBuildConfiguration section */
		4E3E04131B5E47640064F915 /* Debug */ = {
			isa = XCBuildConfiguration;
			buildSettings = {
				ALWAYS_SEARCH_USER_PATHS = NO;
				CLANG_CXX_LANGUAGE_STANDARD = "gnu++0x";
				CLANG_CXX_LIBRARY = "libc++";
				CLANG_ENABLE_MODULES = YES;
				CLANG_ENABLE_OBJC_ARC = YES;
				CLANG_WARN_BOOL_CONVERSION = YES;
				CLANG_WARN_CONSTANT_CONVERSION = YES;
				CLANG_WARN_DIRECT_OBJC_ISA_USAGE = YES_ERROR;
				CLANG_WARN_EMPTY_BODY = YES;
				CLANG_WARN_ENUM_CONVERSION = YES;
				CLANG_WARN_INT_CONVERSION = YES;
				CLANG_WARN_OBJC_ROOT_CLASS = YES_ERROR;
				CLANG_WARN_UNREACHABLE_CODE = YES;
				CLANG_WARN__DUPLICATE_METHOD_MATCH = YES;
				"CODE_SIGN_IDENTITY[sdk=iphoneos*]" = "iPhone Developer";
				COPY_PHASE_STRIP = NO;
				ENABLE_STRICT_OBJC_MSGSEND = YES;
				GCC_C_LANGUAGE_STANDARD = gnu99;
				GCC_DYNAMIC_NO_PIC = NO;
				GCC_OPTIMIZATION_LEVEL = 0;
				GCC_PREPROCESSOR_DEFINITIONS = (
					"DEBUG=1",
					"$(inherited)",
				);
				GCC_SYMBOLS_PRIVATE_EXTERN = NO;
				GCC_WARN_64_TO_32_BIT_CONVERSION = YES;
				GCC_WARN_ABOUT_RETURN_TYPE = YES_ERROR;
				GCC_WARN_UNDECLARED_SELECTOR = YES;
				GCC_WARN_UNINITIALIZED_AUTOS = YES_AGGRESSIVE;
				GCC_WARN_UNUSED_FUNCTION = YES;
				GCC_WARN_UNUSED_VARIABLE = YES;
				IPHONEOS_DEPLOYMENT_TARGET = 8.2;
				MTL_ENABLE_DEBUG_INFO = YES;
				ONLY_ACTIVE_ARCH = YES;
				SDKROOT = iphoneos;
				TARGETED_DEVICE_FAMILY = "1,2";
			};
			name = Debug;
		};
		4E3E04141B5E47640064F915 /* Release */ = {
			isa = XCBuildConfiguration;
			buildSettings = {
				ALWAYS_SEARCH_USER_PATHS = NO;
				CLANG_CXX_LANGUAGE_STANDARD = "gnu++0x";
				CLANG_CXX_LIBRARY = "libc++";
				CLANG_ENABLE_MODULES = YES;
				CLANG_ENABLE_OBJC_ARC = YES;
				CLANG_WARN_BOOL_CONVERSION = YES;
				CLANG_WARN_CONSTANT_CONVERSION = YES;
				CLANG_WARN_DIRECT_OBJC_ISA_USAGE = YES_ERROR;
				CLANG_WARN_EMPTY_BODY = YES;
				CLANG_WARN_ENUM_CONVERSION = YES;
				CLANG_WARN_INT_CONVERSION = YES;
				CLANG_WARN_OBJC_ROOT_CLASS = YES_ERROR;
				CLANG_WARN_UNREACHABLE_CODE = YES;
				CLANG_WARN__DUPLICATE_METHOD_MATCH = YES;
				"CODE_SIGN_IDENTITY[sdk=iphoneos*]" = "iPhone Developer";
				COPY_PHASE_STRIP = NO;
				ENABLE_NS_ASSERTIONS = NO;
				ENABLE_STRICT_OBJC_MSGSEND = YES;
				GCC_C_LANGUAGE_STANDARD = gnu99;
				GCC_WARN_64_TO_32_BIT_CONVERSION = YES;
				GCC_WARN_ABOUT_RETURN_TYPE = YES_ERROR;
				GCC_WARN_UNDECLARED_SELECTOR = YES;
				GCC_WARN_UNINITIALIZED_AUTOS = YES_AGGRESSIVE;
				GCC_WARN_UNUSED_FUNCTION = YES;
				GCC_WARN_UNUSED_VARIABLE = YES;
				IPHONEOS_DEPLOYMENT_TARGET = 8.2;
				MTL_ENABLE_DEBUG_INFO = NO;
				SDKROOT = iphoneos;
				TARGETED_DEVICE_FAMILY = "1,2";
				VALIDATE_PRODUCT = YES;
			};
			name = Release;
		};
		4E3E04161B5E47640064F915 /* Debug */ = {
			isa = XCBuildConfiguration;
			buildSettings = {
				ASSETCATALOG_COMPILER_APPICON_NAME = AppIcon;
				INFOPLIST_FILE = EventThrough/Info.plist;
				LD_RUNPATH_SEARCH_PATHS = "$(inherited) @executable_path/Frameworks";
				PRODUCT_NAME = "$(TARGET_NAME)";
			};
			name = Debug;
		};
		4E3E04171B5E47640064F915 /* Release */ = {
			isa = XCBuildConfiguration;
			buildSettings = {
				ASSETCATALOG_COMPILER_APPICON_NAME = AppIcon;
				INFOPLIST_FILE = EventThrough/Info.plist;
				LD_RUNPATH_SEARCH_PATHS = "$(inherited) @executable_path/Frameworks";
				PRODUCT_NAME = "$(TARGET_NAME)";
			};
			name = Release;
		};
		4E3E04191B5E47640064F915 /* Debug */ = {
			isa = XCBuildConfiguration;
			buildSettings = {
				BUNDLE_LOADER = "$(TEST_HOST)";
				FRAMEWORK_SEARCH_PATHS = (
					"$(SDKROOT)/Developer/Library/Frameworks",
					"$(inherited)",
				);
				GCC_PREPROCESSOR_DEFINITIONS = (
					"DEBUG=1",
					"$(inherited)",
				);
				INFOPLIST_FILE = EventThroughTests/Info.plist;
				LD_RUNPATH_SEARCH_PATHS = "$(inherited) @executable_path/Frameworks @loader_path/Frameworks";
				PRODUCT_NAME = "$(TARGET_NAME)";
				TEST_HOST = "$(BUILT_PRODUCTS_DIR)/EventThrough.app/EventThrough";
			};
			name = Debug;
		};
		4E3E041A1B5E47640064F915 /* Release */ = {
			isa = XCBuildConfiguration;
			buildSettings = {
				BUNDLE_LOADER = "$(TEST_HOST)";
				FRAMEWORK_SEARCH_PATHS = (
					"$(SDKROOT)/Developer/Library/Frameworks",
					"$(inherited)",
				);
				INFOPLIST_FILE = EventThroughTests/Info.plist;
				LD_RUNPATH_SEARCH_PATHS = "$(inherited) @executable_path/Frameworks @loader_path/Frameworks";
				PRODUCT_NAME = "$(TARGET_NAME)";
				TEST_HOST = "$(BUILT_PRODUCTS_DIR)/EventThrough.app/EventThrough";
			};
			name = Release;
		};
/* End XCBuildConfiguration section */

/* Begin XCConfigurationList section */
		4E3E03ED1B5E47630064F915 /* Build configuration list for PBXProject "EventThrough" */ = {
			isa = XCConfigurationList;
			buildConfigurations = (
				4E3E04131B5E47640064F915 /* Debug */,
				4E3E04141B5E47640064F915 /* Release */,
			);
			defaultConfigurationIsVisible = 0;
			defaultConfigurationName = Release;
		};
		4E3E04151B5E47640064F915 /* Build configuration list for PBXNativeTarget "EventThrough" */ = {
			isa = XCConfigurationList;
			buildConfigurations = (
				4E3E04161B5E47640064F915 /* Debug */,
				4E3E04171B5E47640064F915 /* Release */,
			);
			defaultConfigurationIsVisible = 0;
		};
		4E3E04181B5E47640064F915 /* Build configuration list for PBXNativeTarget "EventThroughTests" */ = {
			isa = XCConfigurationList;
			buildConfigurations = (
				4E3E04191B5E47640064F915 /* Debug */,
				4E3E041A1B5E47640064F915 /* Release */,
			);
			defaultConfigurationIsVisible = 0;
		};
/* End XCConfigurationList section */
	};
	rootObject = 4E3E03EA1B5E47630064F915 /* Project object */;
}
